
Microsoft Visual Studio Solution File, Format Version 12.00
# Visual Studio Version 17
VisualStudioVersion = 17.13.35818.85
MinimumVisualStudioVersion = 10.0.40219.1
Project("{8BC9CEB8-8B4A-11D0-8D11-00A0C91BC942}") = "CppCode", "CppCode\CppCode.vcxproj", "{F41A6D16-E5EF-1BB3-A7FA-53EA1D8F7A5E}"
EndProject
Project("{FAE04EC0-301F-11D3-BF4B-00C04F79EFBC}") = "UI", "UI\UI.csproj", "{422045AE-934A-4838-96C8-E1B89A676CF4}"
EndProject
Project("{2150E333-8FDC-42A3-9474-1A3956D46DE8}") = "솔루션 항목", "솔루션 항목", "{2A3A057F-5D22-31FD-628C-DF5EF75AEF1E}"
	ProjectSection(SolutionItems) = preProject
		Todo List.txt = Todo List.txt
	EndProjectSection
EndProject
Global
	GlobalSection(SolutionConfigurationPlatforms) = preSolution
		Debug|Any CPU = Debug|Any CPU
		Debug|x64 = Debug|x64
		Debug|x86 = Debug|x86
		Release|Any CPU = Release|Any CPU
		Release|x64 = Release|x64
		Release|x86 = Release|x86
	EndGlobalSection
	GlobalSection(ProjectConfigurationPlatforms) = postSolution
		{F41A6D16-E5EF-1BB3-A7FA-53EA1D8F7A5E}.Debug|Any CPU.ActiveCfg = Debug|x64
		{F41A6D16-E5EF-1BB3-A7FA-53EA1D8F7A5E}.Debug|Any CPU.Build.0 = Debug|x64
		{F41A6D16-E5EF-1BB3-A7FA-53EA1D8F7A5E}.Debug|x64.ActiveCfg = Debug|x64
		{F41A6D16-E5EF-1BB3-A7FA-53EA1D8F7A5E}.Debug|x64.Build.0 = Debug|x64
		{F41A6D16-E5EF-1BB3-A7FA-53EA1D8F7A5E}.Debug|x86.ActiveCfg = Debug|Win32
		{F41A6D16-E5EF-1BB3-A7FA-53EA1D8F7A5E}.Debug|x86.Build.0 = Debug|Win32
		{F41A6D16-E5EF-1BB3-A7FA-53EA1D8F7A5E}.Release|Any CPU.ActiveCfg = Release|x64
		{F41A6D16-E5EF-1BB3-A7FA-53EA1D8F7A5E}.Release|Any CPU.Build.0 = Release|x64
		{F41A6D16-E5EF-1BB3-A7FA-53EA1D8F7A5E}.Release|x64.ActiveCfg = Release|x64
		{F41A6D16-E5EF-1BB3-A7FA-53EA1D8F7A5E}.Release|x64.Build.0 = Release|x64
		{F41A6D16-E5EF-1BB3-A7FA-53EA1D8F7A5E}.Release|x86.ActiveCfg = Release|Win32
		{F41A6D16-E5EF-1BB3-A7FA-53EA1D8F7A5E}.Release|x86.Build.0 = Release|Win32
		{422045AE-934A-4838-96C8-E1B89A676CF4}.Debug|Any CPU.ActiveCfg = Debug|Any CPU
		{422045AE-934A-4838-96C8-E1B89A676CF4}.Debug|Any CPU.Build.0 = Debug|Any CPU
		{422045AE-934A-4838-96C8-E1B89A676CF4}.Debug|x64.ActiveCfg = Debug|Any CPU
		{422045AE-934A-4838-96C8-E1B89A676CF4}.Debug|x64.Build.0 = Debug|Any CPU
		{422045AE-934A-4838-96C8-E1B89A676CF4}.Debug|x86.ActiveCfg = Debug|Any CPU
		{422045AE-934A-4838-96C8-E1B89A676CF4}.Debug|x86.Build.0 = Debug|Any CPU
		{422045AE-934A-4838-96C8-E1B89A676CF4}.Release|Any CPU.ActiveCfg = Release|Any CPU
		{422045AE-934A-4838-96C8-E1B89A676CF4}.Release|Any CPU.Build.0 = Release|Any CPU
		{422045AE-934A-4838-96C8-E1B89A676CF4}.Release|x64.ActiveCfg = Release|Any CPU
		{422045AE-934A-4838-96C8-E1B89A676CF4}.Release|x64.Build.0 = Release|Any CPU
		{422045AE-934A-4838-96C8-E1B89A676CF4}.Release|x86.ActiveCfg = Release|Any CPU
		{422045AE-934A-4838-96C8-E1B89A676CF4}.Release|x86.Build.0 = Release|Any CPU
	EndGlobalSection
	GlobalSection(SolutionProperties) = preSolution
		HideSolutionNode = FALSE
	EndGlobalSection
	GlobalSection(ExtensibilityGlobals) = postSolution
		SolutionGuid = {7F815AA8-37F4-461E-9943-BCDCBC7635B5}
	EndGlobalSection
EndGlobal
